# This file is automatically @generated by Poetry 1.7.1 and should not be changed by hand.

[[package]]
name = "colorama"
version = "0.4.6"
description = "Cross-platform colored terminal text."
optional = false
python-versions = "!=3.0.*,!=3.1.*,!=3.2.*,!=3.3.*,!=3.4.*,!=3.5.*,!=3.6.*,>=2.7"
files = [
    {file = "colorama-0.4.6-py2.py3-none-any.whl", hash = "sha256:4f1d9991f5acc0ca119f9d443620b77f9d6b33703e51011c16baf57afb285fc6"},
    {file = "colorama-0.4.6.tar.gz", hash = "sha256:08695f5cb7ed6e0531a20572697297273c47b8cae5a63ffc6d6ed5c201be6e44"},
]

[[package]]
name = "iniconfig"
version = "2.0.0"
description = "brain-dead simple config-ini parsing"
optional = false
python-versions = ">=3.7"
files = [
    {file = "iniconfig-2.0.0-py3-none-any.whl", hash = "sha256:b6a85871a79d2e3b22d2d1b94ac2824226a63c6b741c88f7ae975f18b6778374"},
    {file = "iniconfig-2.0.0.tar.gz", hash = "sha256:2d91e135bf72d31a410b17c16da610a82cb55f6b0477d1a902134b24a455b8b3"},
]

[[package]]
name = "maturin"
version = "1.6.0"
description = "Build and publish crates with pyo3, cffi and uniffi bindings as well as rust binaries as python packages"
optional = false
python-versions = ">=3.7"
files = [
    {file = "maturin-1.6.0-py3-none-linux_armv6l.whl", hash = "sha256:d8620970bd0b6a0acb99dbd0b1c2ebb7a69909d25f6023bdff9635a39001aa51"},
    {file = "maturin-1.6.0-py3-none-macosx_10_12_x86_64.macosx_11_0_arm64.macosx_10_12_universal2.whl", hash = "sha256:bd85edcb1b8e2bcddc1b7d16ce58ce00a66aa80c422745c8ad9e132ac40d4b48"},
    {file = "maturin-1.6.0-py3-none-macosx_10_12_x86_64.whl", hash = "sha256:337899784955934dd67b30497d1dd5fab22da89f60bb079dbaf2eaa446b97a10"},
    {file = "maturin-1.6.0-py3-none-manylinux_2_12_i686.manylinux2010_i686.musllinux_1_1_i686.whl", hash = "sha256:dbbbf25dc3c207b0a7bd4f3aea1df33d4f22b8508592796a6f36f4d8ed216db0"},
    {file = "maturin-1.6.0-py3-none-manylinux_2_12_x86_64.manylinux2010_x86_64.musllinux_1_1_x86_64.whl", hash = "sha256:d92b045e90ed919a8a2520dda64e3f384e5e746ea51e1498cc6ac3e9e5c76054"},
    {file = "maturin-1.6.0-py3-none-manylinux_2_17_aarch64.manylinux2014_aarch64.musllinux_1_1_aarch64.whl", hash = "sha256:d67ca8dc7f3b2314bd3bf83c4de52645e220ee312fd526e53acc6a735f233fad"},
    {file = "maturin-1.6.0-py3-none-manylinux_2_17_armv7l.manylinux2014_armv7l.musllinux_1_1_armv7l.whl", hash = "sha256:aa4eb7dca7d246b466392f21016f67ff09a9aff2305fa714ca25a2344e4639e7"},
    {file = "maturin-1.6.0-py3-none-manylinux_2_17_ppc64le.manylinux2014_ppc64le.musllinux_1_1_ppc64le.whl", hash = "sha256:16ef860df20028618b5a064da06b02c1c47acba064a4d25aaf84662a459ec599"},
    {file = "maturin-1.6.0-py3-none-manylinux_2_17_s390x.manylinux2014_s390x.whl", hash = "sha256:4e931c92037128ade49cd26dd040d9c46ad8092d8170cc44f5c3a0b4a052d576"},
    {file = "maturin-1.6.0-py3-none-win32.whl", hash = "sha256:c87d1a7596c42b589099adb831343a56e02373588366e4cede96cbdf8bd68f9d"},
    {file = "maturin-1.6.0-py3-none-win_amd64.whl", hash = "sha256:a2a2436628c36d98dabd79b52256df7e12fc4fd1b122984d9373fdf918fd4609"},
    {file = "maturin-1.6.0-py3-none-win_arm64.whl", hash = "sha256:50133965e52d8b5b969381fee3fde111ae2383905cdaba7650f256e08ccddcd4"},
    {file = "maturin-1.6.0.tar.gz", hash = "sha256:b955025c24c8babc808db49e0ff90db8b4b1320dcc16b14eb26132841737230d"},
]

[package.extras]
patchelf = ["patchelf"]
zig = ["ziglang (>=0.10.0,<0.13.0)"]

[[package]]
name = "packaging"
version = "24.1"
description = "Core utilities for Python packages"
optional = false
python-versions = ">=3.8"
files = [
    {file = "packaging-24.1-py3-none-any.whl", hash = "sha256:5b8f2217dbdbd2f7f384c41c628544e6d52f2d0f53c6d0c3ea61aa5d1d7ff124"},
    {file = "packaging-24.1.tar.gz", hash = "sha256:026ed72c8ed3fcce5bf8950572258698927fd1dbda10a5e981cdf0ac37f4f002"},
]

[[package]]
name = "pluggy"
version = "1.5.0"
description = "plugin and hook calling mechanisms for python"
optional = false
python-versions = ">=3.8"
files = [
    {file = "pluggy-1.5.0-py3-none-any.whl", hash = "sha256:44e1ad92c8ca002de6377e165f3e0f1be63266ab4d554740532335b9d75ea669"},
    {file = "pluggy-1.5.0.tar.gz", hash = "sha256:2cffa88e94fdc978c4c574f15f9e59b7f4201d439195c3715ca9e2486f1d0cf1"},
]

[package.extras]
dev = ["pre-commit", "tox"]
testing = ["pytest", "pytest-benchmark"]

[[package]]
name = "pytest"
version = "8.2.0"
description = "pytest: simple powerful testing with Python"
optional = false
python-versions = ">=3.8"
files = [
    {file = "pytest-8.2.0-py3-none-any.whl", hash = "sha256:1733f0620f6cda4095bbf0d9ff8022486e91892245bb9e7d5542c018f612f233"},
    {file = "pytest-8.2.0.tar.gz", hash = "sha256:d507d4482197eac0ba2bae2e9babf0672eb333017bcedaa5fb1a3d42c1174b3f"},
]

[package.dependencies]
colorama = {version = "*", markers = "sys_platform == \"win32\""}
iniconfig = "*"
packaging = "*"
pluggy = ">=1.5,<2.0"

[package.extras]
dev = ["argcomplete", "attrs (>=19.2)", "hypothesis (>=3.56)", "mock", "pygments (>=2.7.2)", "requests", "setuptools", "xmlschema"]

[metadata]
lock-version = "2.0"
python-versions = ">=3.11,<3.12"
content-hash = "fdd466b7be505e4309262f01ba26226155c7f366e0d73f339381041ce599deae"
